// !$*UTF8*$!
{
	archiveVersion = 1;
	classes = {
	};
	objectVersion = 50;
	objects = {

/* Begin PBXBuildFile section */
		8431887752087930CF92B67E /* Pods_ios_http_sdk.framework in Frameworks */ = {isa = PBXBuildFile; fileRef = 259A58B496FFB63C5C818267 /* Pods_ios_http_sdk.framework */; };
		FC9DA6B32399F01300D726EC /* AppDelegate.swift in Sources */ = {isa = PBXBuildFile; fileRef = FC9DA6B22399F01300D726EC /* AppDelegate.swift */; };
		FC9DA6B52399F01300D726EC /* SceneDelegate.swift in Sources */ = {isa = PBXBuildFile; fileRef = FC9DA6B42399F01300D726EC /* SceneDelegate.swift */; };
		FC9DA6B72399F01300D726EC /* ViewController.swift in Sources */ = {isa = PBXBuildFile; fileRef = FC9DA6B62399F01300D726EC /* ViewController.swift */; };
		FC9DA6BA2399F01300D726EC /* Main.storyboard in Resources */ = {isa = PBXBuildFile; fileRef = FC9DA6B82399F01300D726EC /* Main.storyboard */; };
		FC9DA6BC2399F01600D726EC /* Assets.xcassets in Resources */ = {isa = PBXBuildFile; fileRef = FC9DA6BB2399F01600D726EC /* Assets.xcassets */; };
		FC9DA6BF2399F01600D726EC /* LaunchScreen.storyboard in Resources */ = {isa = PBXBuildFile; fileRef = FC9DA6BD2399F01600D726EC /* LaunchScreen.storyboard */; };
/* End PBXBuildFile section */

/* Begin PBXFileReference section */
		259A58B496FFB63C5C818267 /* Pods_ios_http_sdk.framework */ = {isa = PBXFileReference; explicitFileType = wrapper.framework; includeInIndex = 0; path = Pods_ios_http_sdk.framework; sourceTree = BUILT_PRODUCTS_DIR; };
		518A1C81D066279624B4C1C2 /* Pods-ios-http-sdk.release.xcconfig */ = {isa = PBXFileReference; includeInIndex = 1; lastKnownFileType = text.xcconfig; name = "Pods-ios-http-sdk.release.xcconfig"; path = "Target Support Files/Pods-ios-http-sdk/Pods-ios-http-sdk.release.xcconfig"; sourceTree = "<group>"; };
		BA7F87037B3F80D6C680B119 /* Pods-ios-http-sdk.debug.xcconfig */ = {isa = PBXFileReference; includeInIndex = 1; lastKnownFileType = text.xcconfig; name = "Pods-ios-http-sdk.debug.xcconfig"; path = "Target Support Files/Pods-ios-http-sdk/Pods-ios-http-sdk.debug.xcconfig"; sourceTree = "<group>"; };
		FC9DA6AF2399F01300D726EC /* ios-http-sdk.app */ = {isa = PBXFileReference; explicitFileType = wrapper.application; includeInIndex = 0; path = "ios-http-sdk.app"; sourceTree = BUILT_PRODUCTS_DIR; };
		FC9DA6B22399F01300D726EC /* AppDelegate.swift */ = {isa = PBXFileReference; lastKnownFileType = sourcecode.swift; path = AppDelegate.swift; sourceTree = "<group>"; };
		FC9DA6B42399F01300D726EC /* SceneDelegate.swift */ = {isa = PBXFileReference; lastKnownFileType = sourcecode.swift; path = SceneDelegate.swift; sourceTree = "<group>"; };
		FC9DA6B62399F01300D726EC /* ViewController.swift */ = {isa = PBXFileReference; lastKnownFileType = sourcecode.swift; path = ViewController.swift; sourceTree = "<group>"; };
		FC9DA6B92399F01300D726EC /* Base */ = {isa = PBXFileReference; lastKnownFileType = file.storyboard; name = Base; path = Base.lproj/Main.storyboard; sourceTree = "<group>"; };
		FC9DA6BB2399F01600D726EC /* Assets.xcassets */ = {isa = PBXFileReference; lastKnownFileType = folder.assetcatalog; path = Assets.xcassets; sourceTree = "<group>"; };
		FC9DA6BE2399F01600D726EC /* Base */ = {isa = PBXFileReference; lastKnownFileType = file.storyboard; name = Base; path = Base.lproj/LaunchScreen.storyboard; sourceTree = "<group>"; };
		FC9DA6C02399F01600D726EC /* Info.plist */ = {isa = PBXFileReference; lastKnownFileType = text.plist.xml; path = Info.plist; sourceTree = "<group>"; };
/* End PBXFileReference section */

/* Begin PBXFrameworksBuildPhase section */
		FC9DA6AC2399F01300D726EC /* Frameworks */ = {
			isa = PBXFrameworksBuildPhase;
			buildActionMask = 2147483647;
			files = (
				8431887752087930CF92B67E /* Pods_ios_http_sdk.framework in Frameworks */,
			);
			runOnlyForDeploymentPostprocessing = 0;
		};
/* End PBXFrameworksBuildPhase section */

/* Begin PBXGroup section */
		B8A6C7FD8B086525C945BADD /* Pods */ = {
			isa = PBXGroup;
			children = (
				BA7F87037B3F80D6C680B119 /* Pods-ios-http-sdk.debug.xcconfig */,
				518A1C81D066279624B4C1C2 /* Pods-ios-http-sdk.release.xcconfig */,
			);
			name = Pods;
			path = Pods;
			sourceTree = "<group>";
		};
		BA901F148C75CA0B02709444 /* Frameworks */ = {
			isa = PBXGroup;
			children = (
				259A58B496FFB63C5C818267 /* Pods_ios_http_sdk.framework */,
			);
			name = Frameworks;
			sourceTree = "<group>";
		};
		FC9DA6A62399F01300D726EC = {
			isa = PBXGroup;
			children = (
				FC9DA6B12399F01300D726EC /* ios-http-sdk */,
				FC9DA6B02399F01300D726EC /* Products */,
				B8A6C7FD8B086525C945BADD /* Pods */,
				BA901F148C75CA0B02709444 /* Frameworks */,
			);
			sourceTree = "<group>";
		};
		FC9DA6B02399F01300D726EC /* Products */ = {
			isa = PBXGroup;
			children = (
				FC9DA6AF2399F01300D726EC /* ios-http-sdk.app */,
			);
			name = Products;
			sourceTree = "<group>";
		};
		FC9DA6B12399F01300D726EC /* ios-http-sdk */ = {
			isa = PBXGroup;
			children = (
				FC9DA6B22399F01300D726EC /* AppDelegate.swift */,
				FC9DA6B42399F01300D726EC /* SceneDelegate.swift */,
				FC9DA6B62399F01300D726EC /* ViewController.swift */,
				FC9DA6B82399F01300D726EC /* Main.storyboard */,
				FC9DA6BB2399F01600D726EC /* Assets.xcassets */,
				FC9DA6BD2399F01600D726EC /* LaunchScreen.storyboard */,
				FC9DA6C02399F01600D726EC /* Info.plist */,
			);
			path = "ios-http-sdk";
			sourceTree = "<group>";
		};
/* End PBXGroup section */

/* Begin PBXNativeTarget section */
		FC9DA6AE2399F01300D726EC /* ios-http-sdk */ = {
			isa = PBXNativeTarget;
			buildConfigurationList = FC9DA6C32399F01600D726EC /* Build configuration list for PBXNativeTarget "ios-http-sdk" */;
			buildPhases = (
				C18AD7CCA3B0EB40B0110B31 /* [CP] Check Pods Manifest.lock */,
				FC9DA6AB2399F01300D726EC /* Sources */,
				FC9DA6AC2399F01300D726EC /* Frameworks */,
				FC9DA6AD2399F01300D726EC /* Resources */,
				3793FB75A73D1F26C2C7A6A9 /* [CP] Embed Pods Frameworks */,
			);
			buildRules = (
			);
			dependencies = (
			);
			name = "ios-http-sdk";
			productName = "ios-http-sdk";
			productReference = FC9DA6AF2399F01300D726EC /* ios-http-sdk.app */;
			productType = "com.apple.product-type.application";
		};
/* End PBXNativeTarget section */

/* Begin PBXProject section */
		FC9DA6A72399F01300D726EC /* Project object */ = {
			isa = PBXProject;
			attributes = {
				LastSwiftUpdateCheck = 1120;
				LastUpgradeCheck = 1120;
				ORGANIZATIONNAME = "Yoeun Samrith";
				TargetAttributes = {
					FC9DA6AE2399F01300D726EC = {
						CreatedOnToolsVersion = 11.2.1;
					};
				};
			};
			buildConfigurationList = FC9DA6AA2399F01300D726EC /* Build configuration list for PBXProject "ios-http-sdk" */;
			compatibilityVersion = "Xcode 9.3";
			developmentRegion = en;
			hasScannedForEncodings = 0;
			knownRegions = (
				en,
				Base,
			);
			mainGroup = FC9DA6A62399F01300D726EC;
			productRefGroup = FC9DA6B02399F01300D726EC /* Products */;
			projectDirPath = "";
			projectRoot = "";
			targets = (
				FC9DA6AE2399F01300D726EC /* ios-http-sdk */,
			);
		};
/* End PBXProject section */

/* Begin PBXResourcesBuildPhase section */
		FC9DA6AD2399F01300D726EC /* Resources */ = {
			isa = PBXResourcesBuildPhase;
			buildActionMask = 2147483647;
			files = (
				FC9DA6BF2399F01600D726EC /* LaunchScreen.storyboard in Resources */,
				FC9DA6BC2399F01600D726EC /* Assets.xcassets in Resources */,
				FC9DA6BA2399F01300D726EC /* Main.storyboard in Resources */,
			);
			runOnlyForDeploymentPostprocessing = 0;
		};
/* End PBXResourcesBuildPhase section */

/* Begin PBXShellScriptBuildPhase section */
		3793FB75A73D1F26C2C7A6A9 /* [CP] Embed Pods Frameworks */ = {
			isa = PBXShellScriptBuildPhase;
			buildActionMask = 2147483647;
			files = (
			);
			inputFileListPaths = (
				"${PODS_ROOT}/Target Support Files/Pods-ios-http-sdk/Pods-ios-http-sdk-frameworks-${CONFIGURATION}-input-files.xcfilelist",
			);
			name = "[CP] Embed Pods Frameworks";
			outputFileListPaths = (
				"${PODS_ROOT}/Target Support Files/Pods-ios-http-sdk/Pods-ios-http-sdk-frameworks-${CONFIGURATION}-output-files.xcfilelist",
			);
			runOnlyForDeploymentPostprocessing = 0;
			shellPath = /bin/sh;
			shellScript = "\"${PODS_ROOT}/Target Support Files/Pods-ios-http-sdk/Pods-ios-http-sdk-frameworks.sh\"\n";
			showEnvVarsInLog = 0;
		};
		C18AD7CCA3B0EB40B0110B31 /* [CP] Check Pods Manifest.lock */ = {
			isa = PBXShellScriptBuildPhase;
			buildActionMask = 2147483647;
			files = (
			);
			inputFileListPaths = (
			);
			inputPaths = (
				"${PODS_PODFILE_DIR_PATH}/Podfile.lock",
				"${PODS_ROOT}/Manifest.lock",
			);
			name = "[CP] Check Pods Manifest.lock";
			outputFileListPaths = (
			);
			outputPaths = (
				"$(DERIVED_FILE_DIR)/Pods-ios-http-sdk-checkManifestLockResult.txt",
			);
			runOnlyForDeploymentPostprocessing = 0;
			shellPath = /bin/sh;
			shellScript = "diff \"${PODS_PODFILE_DIR_PATH}/Podfile.lock\" \"${PODS_ROOT}/Manifest.lock\" > /dev/null\nif [ $? != 0 ] ; then\n    # print error to STDERR\n    echo \"error: The sandbox is not in sync with the Podfile.lock. Run 'pod install' or update your CocoaPods installation.\" >&2\n    exit 1\nfi\n# This output is used by Xcode 'outputs' to avoid re-running this script phase.\necho \"SUCCESS\" > \"${SCRIPT_OUTPUT_FILE_0}\"\n";
			showEnvVarsInLog = 0;
		};
/* End PBXShellScriptBuildPhase section */

/* Begin PBXSourcesBuildPhase section */
		FC9DA6AB2399F01300D726EC /* Sources */ = {
			isa = PBXSourcesBuildPhase;
			buildActionMask = 2147483647;
			files = (
				FC9DA6B72399F01300D726EC /* ViewController.swift in Sources */,
				FC9DA6B32399F01300D726EC /* AppDelegate.swift in Sources */,
				FC9DA6B52399F01300D726EC /* SceneDelegate.swift in Sources */,
			);
			runOnlyForDeploymentPostprocessing = 0;
		};
/* End PBXSourcesBuildPhase section */

/* Begin PBXVariantGroup section */
		FC9DA6B82399F01300D726EC /* Main.storyboard */ = {
			isa = PBXVariantGroup;
			children = (
				FC9DA6B92399F01300D726EC /* Base */,
			);
			name = Main.storyboard;
			sourceTree = "<group>";
		};
		FC9DA6BD2399F01600D726EC /* LaunchScreen.storyboard */ = {
			isa = PBXVariantGroup;
			children = (
				FC9DA6BE2399F01600D726EC /* Base */,
			);
			name = LaunchScreen.storyboard;
			sourceTree = "<group>";
		};
/* End PBXVariantGroup section */

/* Begin XCBuildConfiguration section */
		FC9DA6C12399F01600D726EC /* Debug */ = {
			isa = XCBuildConfiguration;
			buildSettings = {
				ALWAYS_SEARCH_USER_PATHS = NO;
				CLANG_ANALYZER_NONNULL = YES;
				CLANG_ANALYZER_NUMBER_OBJECT_CONVERSION = YES_AGGRESSIVE;
				CLANG_CXX_LANGUAGE_STANDARD = "gnu++14";
				CLANG_CXX_LIBRARY = "libc++";
				CLANG_ENABLE_MODULES = YES;
				CLANG_ENABLE_OBJC_ARC = YES;
				CLANG_ENABLE_OBJC_WEAK = YES;
				CLANG_WARN_BLOCK_CAPTURE_AUTORELEASING = YES;
				CLANG_WARN_BOOL_CONVERSION = YES;
				CLANG_WARN_COMMA = YES;
				CLANG_WARN_CONSTANT_CONVERSION = YES;
				CLANG_WARN_DEPRECATED_OBJC_IMPLEMENTATIONS = YES;
				CLANG_WARN_DIRECT_OBJC_ISA_USAGE = YES_ERROR;
				CLANG_WARN_DOCUMENTATION_COMMENTS = YES;
				CLANG_WARN_EMPTY_BODY = YES;
				CLANG_WARN_ENUM_CONVERSION = YES;
				CLANG_WARN_INFINITE_RECURSION = YES;
				CLANG_WARN_INT_CONVERSION = YES;
				CLANG_WARN_NON_LITERAL_NULL_CONVERSION = YES;
				CLANG_WARN_OBJC_IMPLICIT_RETAIN_SELF = YES;
				CLANG_WARN_OBJC_LITERAL_CONVERSION = YES;
				CLANG_WARN_OBJC_ROOT_CLASS = YES_ERROR;
				CLANG_WARN_RANGE_LOOP_ANALYSIS = YES;
				CLANG_WARN_STRICT_PROTOTYPES = YES;
				CLANG_WARN_SUSPICIOUS_MOVE = YES;
				CLANG_WARN_UNGUARDED_AVAILABILITY = YES_AGGRESSIVE;
				CLANG_WARN_UNREACHABLE_CODE = YES;
				CLANG_WARN__DUPLICATE_METHOD_MATCH = YES;
				COPY_PHASE_STRIP = NO;
				DEBUG_INFORMATION_FORMAT = dwarf;
				ENABLE_STRICT_OBJC_MSGSEND = YES;
				ENABLE_TESTABILITY = YES;
				GCC_C_LANGUAGE_STANDARD = gnu11;
				GCC_DYNAMIC_NO_PIC = NO;
				GCC_NO_COMMON_BLOCKS = YES;
				GCC_OPTIMIZATION_LEVEL = 0;
				GCC_PREPROCESSOR_DEFINITIONS = (
					"DEBUG=1",
					"$(inherited)",
				);
				GCC_WARN_64_TO_32_BIT_CONVERSION = YES;
				GCC_WARN_ABOUT_RETURN_TYPE = YES_ERROR;
				GCC_WARN_UNDECLARED_SELECTOR = YES;
				GCC_WARN_UNINITIALIZED_AUTOS = YES_AGGRESSIVE;
				GCC_WARN_UNUSED_FUNCTION = YES;
				GCC_WARN_UNUSED_VARIABLE = YES;
				IPHONEOS_DEPLOYMENT_TARGET = 13.2;
				MTL_ENABLE_DEBUG_INFO = INCLUDE_SOURCE;
				MTL_FAST_MATH = YES;
				ONLY_ACTIVE_ARCH = YES;
				SDKROOT = iphoneos;
				SWIFT_ACTIVE_COMPILATION_CONDITIONS = DEBUG;
				SWIFT_OPTIMIZATION_LEVEL = "-Onone";
			};
			name = Debug;
		};
		FC9DA6C22399F01600D726EC /* Release */ = {
			isa = XCBuildConfiguration;
			buildSettings = {
				ALWAYS_SEARCH_USER_PATHS = NO;
				CLANG_ANALYZER_NONNULL = YES;
				CLANG_ANALYZER_NUMBER_OBJECT_CONVERSION = YES_AGGRESSIVE;
				CLANG_CXX_LANGUAGE_STANDARD = "gnu++14";
				CLANG_CXX_LIBRARY = "libc++";
				CLANG_ENABLE_MODULES = YES;
				CLANG_ENABLE_OBJC_ARC = YES;
				CLANG_ENABLE_OBJC_WEAK = YES;
				CLANG_WARN_BLOCK_CAPTURE_AUTORELEASING = YES;
				CLANG_WARN_BOOL_CONVERSION = YES;
				CLANG_WARN_COMMA = YES;
				CLANG_WARN_CONSTANT_CONVERSION = YES;
				CLANG_WARN_DEPRECATED_OBJC_IMPLEMENTATIONS = YES;
				CLANG_WARN_DIRECT_OBJC_ISA_USAGE = YES_ERROR;
				CLANG_WARN_DOCUMENTATION_COMMENTS = YES;
				CLANG_WARN_EMPTY_BODY = YES;
				CLANG_WARN_ENUM_CONVERSION = YES;
				CLANG_WARN_INFINITE_RECURSION = YES;
				CLANG_WARN_INT_CONVERSION = YES;
				CLANG_WARN_NON_LITERAL_NULL_CONVERSION = YES;
				CLANG_WARN_OBJC_IMPLICIT_RETAIN_SELF = YES;
				CLANG_WARN_OBJC_LITERAL_CONVERSION = YES;
				CLANG_WARN_OBJC_ROOT_CLASS = YES_ERROR;
				CLANG_WARN_RANGE_LOOP_ANALYSIS = YES;
				CLANG_WARN_STRICT_PROTOTYPES = YES;
				CLANG_WARN_SUSPICIOUS_MOVE = YES;
				CLANG_WARN_UNGUARDED_AVAILABILITY = YES_AGGRESSIVE;
				CLANG_WARN_UNREACHABLE_CODE = YES;
				CLANG_WARN__DUPLICATE_METHOD_MATCH = YES;
				COPY_PHASE_STRIP = NO;
				DEBUG_INFORMATION_FORMAT = "dwarf-with-dsym";
				ENABLE_NS_ASSERTIONS = NO;
				ENABLE_STRICT_OBJC_MSGSEND = YES;
				GCC_C_LANGUAGE_STANDARD = gnu11;
				GCC_NO_COMMON_BLOCKS = YES;
				GCC_WARN_64_TO_32_BIT_CONVERSION = YES;
				GCC_WARN_ABOUT_RETURN_TYPE = YES_ERROR;
				GCC_WARN_UNDECLARED_SELECTOR = YES;
				GCC_WARN_UNINITIALIZED_AUTOS = YES_AGGRESSIVE;
				GCC_WARN_UNUSED_FUNCTION = YES;
				GCC_WARN_UNUSED_VARIABLE = YES;
				IPHONEOS_DEPLOYMENT_TARGET = 13.2;
				MTL_ENABLE_DEBUG_INFO = NO;
				MTL_FAST_MATH = YES;
				SDKROOT = iphoneos;
				SWIFT_COMPILATION_MODE = wholemodule;
				SWIFT_OPTIMIZATION_LEVEL = "-O";
				VALIDATE_PRODUCT = YES;
			};
			name = Release;
		};
		FC9DA6C42399F01600D726EC /* Debug */ = {
			isa = XCBuildConfiguration;
			baseConfigurationReference = BA7F87037B3F80D6C680B119 /* Pods-ios-http-sdk.debug.xcconfig */;
			buildSettings = {
				ASSETCATALOG_COMPILER_APPICON_NAME = AppIcon;
				CODE_SIGN_STYLE = Automatic;
				DEVELOPMENT_TEAM = LCN239U73A;
				INFOPLIST_FILE = "ios-http-sdk/Info.plist";
				LD_RUNPATH_SEARCH_PATHS = (
					"$(inherited)",
					"@executable_path/Frameworks",
				);
				PRODUCT_BUNDLE_IDENTIFIER = "com.sam.ios-http-sdk";
				PRODUCT_NAME = "$(TARGET_NAME)";
				SWIFT_VERSION = 5.0;
				TARGETED_DEVICE_FAMILY = "1,2";
			};
			name = Debug;
		};
		FC9DA6C52399F01600D726EC /* Release */ = {
			isa = XCBuildConfiguration;
			baseConfigurationReference = 518A1C81D066279624B4C1C2 /* Pods-ios-http-sdk.release.xcconfig */;
			buildSettings = {
				ASSETCATALOG_COMPILER_APPICON_NAME = AppIcon;
				CODE_SIGN_STYLE = Automatic;
				DEVELOPMENT_TEAM = LCN239U73A;
				INFOPLIST_FILE = "ios-http-sdk/Info.plist";
				LD_RUNPATH_SEARCH_PATHS = (
					"$(inherited)",
					"@executable_path/Frameworks",
				);
				PRODUCT_BUNDLE_IDENTIFIER = "com.sam.ios-http-sdk";
				PRODUCT_NAME = "$(TARGET_NAME)";
				SWIFT_VERSION = 5.0;
				TARGETED_DEVICE_FAMILY = "1,2";
			};
			name = Release;
		};
/* End XCBuildConfiguration section */

/* Begin XCConfigurationList section */
		FC9DA6AA2399F01300D726EC /* Build configuration list for PBXProject "ios-http-sdk" */ = {
			isa = XCConfigurationList;
			buildConfigurations = (
				FC9DA6C12399F01600D726EC /* Debug */,
				FC9DA6C22399F01600D726EC /* Release */,
			);
			defaultConfigurationIsVisible = 0;
			defaultConfigurationName = Release;
		};
		FC9DA6C32399F01600D726EC /* Build configuration list for PBXNativeTarget "ios-http-sdk" */ = {
			isa = XCConfigurationList;
			buildConfigurations = (
				FC9DA6C42399F01600D726EC /* Debug */,
				FC9DA6C52399F01600D726EC /* Release */,
			);
			defaultConfigurationIsVisible = 0;
			defaultConfigurationName = Release;
		};
/* End XCConfigurationList section */
	};
	rootObject = FC9DA6A72399F01300D726EC /* Project object */;
}
